
Microsoft Visual Studio Solution File, Format Version 12.00
# Visual Studio Version 17
VisualStudioVersion = 17.14.36930.0 d17.14
MinimumVisualStudioVersion = 10.0.40219.1
Project("{FAE04EC0-301F-11D3-BF4B-00C04F79EFBC}") = "AnalogMovementVS", "AnalogMovementVS\AnalogMovementVS.csproj", "{6B7E38FF-5F05-4CC2-9BDD-DFA19978512F}"
EndProject
Project("{FAE04EC0-301F-11D3-BF4B-00C04F79EFBC}") = "CakeBuild", "ZZCakeBuild\CakeBuild.csproj", "{328B8DA5-C86F-4C15-837D-75A51885BE7C}"
EndProject
Global
	GlobalSection(SolutionConfigurationPlatforms) = preSolution
		Debug|Any CPU = Debug|Any CPU
		Release|Any CPU = Release|Any CPU
	EndGlobalSection
	GlobalSection(ProjectConfigurationPlatforms) = postSolution
		{6B7E38FF-5F05-4CC2-9BDD-DFA19978512F}.Debug|Any CPU.ActiveCfg = Debug|Any CPU
		{6B7E38FF-5F05-4CC2-9BDD-DFA19978512F}.Debug|Any CPU.Build.0 = Debug|Any CPU
		{6B7E38FF-5F05-4CC2-9BDD-DFA19978512F}.Release|Any CPU.ActiveCfg = Release|Any CPU
		{6B7E38FF-5F05-4CC2-9BDD-DFA19978512F}.Release|Any CPU.Build.0 = Release|Any CPU
		{328B8DA5-C86F-4C15-837D-75A51885BE7C}.Debug|Any CPU.ActiveCfg = Debug|Any CPU
		{328B8DA5-C86F-4C15-837D-75A51885BE7C}.Debug|Any CPU.Build.0 = Debug|Any CPU
		{328B8DA5-C86F-4C15-837D-75A51885BE7C}.Release|Any CPU.ActiveCfg = Release|Any CPU
		{328B8DA5-C86F-4C15-837D-75A51885BE7C}.Release|Any CPU.Build.0 = Release|Any CPU
	EndGlobalSection
	GlobalSection(SolutionProperties) = preSolution
		HideSolutionNode = FALSE
	EndGlobalSection
	GlobalSection(ExtensibilityGlobals) = postSolution
		SolutionGuid = {5403538D-6CB3-4C1A-A5BC-C1FE1B650C6C}
	EndGlobalSection
EndGlobal
